// !$*UTF8*$!
{
	archiveVersion = 1;
	classes = {
	};
	objectVersion = 50;
	objects = {

/* Begin PBXBuildFile section */
		D41C5068265B7AD40055431C /* lecturesData.json in Resources */ = {isa = PBXBuildFile; fileRef = D41C5067265B7AD40055431C /* lecturesData.json */; };
		D41C506B265B7B390055431C /* ModelData.swift in Sources */ = {isa = PBXBuildFile; fileRef = D41C506A265B7B390055431C /* ModelData.swift */; };
		D41C506E265B7BD50055431C /* LecturesList.swift in Sources */ = {isa = PBXBuildFile; fileRef = D41C506D265B7BD50055431C /* LecturesList.swift */; };
		D41C5070265B7C600055431C /* LectureRow1.swift in Sources */ = {isa = PBXBuildFile; fileRef = D41C506F265B7C600055431C /* LectureRow1.swift */; };
		D41C5072265B7FB70055431C /* Lecture.swift in Sources */ = {isa = PBXBuildFile; fileRef = D41C5071265B7FB70055431C /* Lecture.swift */; };
		D41C5074265B98F70055431C /* LectureDetail.swift in Sources */ = {isa = PBXBuildFile; fileRef = D41C5073265B98F70055431C /* LectureDetail.swift */; };
		D41C5076265B9BD80055431C /* LectureRow2.swift in Sources */ = {isa = PBXBuildFile; fileRef = D41C5075265B9BD80055431C /* LectureRow2.swift */; };
		D41C5078265B9C710055431C /* LectureRow3.swift in Sources */ = {isa = PBXBuildFile; fileRef = D41C5077265B9C710055431C /* LectureRow3.swift */; };
		D41C507A265BA0730055431C /* ContentView2.swift in Sources */ = {isa = PBXBuildFile; fileRef = D41C5079265BA0730055431C /* ContentView2.swift */; };
		D41C507C265BA0910055431C /* ContentView3.swift in Sources */ = {isa = PBXBuildFile; fileRef = D41C507B265BA0910055431C /* ContentView3.swift */; };
		D4B0A34A265A0D6900A2A070 /* TitechAppApp.swift in Sources */ = {isa = PBXBuildFile; fileRef = D4B0A349265A0D6900A2A070 /* TitechAppApp.swift */; };
		D4B0A34C265A0D6900A2A070 /* ContentView1.swift in Sources */ = {isa = PBXBuildFile; fileRef = D4B0A34B265A0D6900A2A070 /* ContentView1.swift */; };
		D4B0A34E265A0D6B00A2A070 /* Assets.xcassets in Resources */ = {isa = PBXBuildFile; fileRef = D4B0A34D265A0D6B00A2A070 /* Assets.xcassets */; };
		D4B0A351265A0D6B00A2A070 /* Preview Assets.xcassets in Resources */ = {isa = PBXBuildFile; fileRef = D4B0A350265A0D6B00A2A070 /* Preview Assets.xcassets */; };
/* End PBXBuildFile section */

/* Begin PBXFileReference section */
		D41C5067265B7AD40055431C /* lecturesData.json */ = {isa = PBXFileReference; fileEncoding = 4; lastKnownFileType = text.json; path = lecturesData.json; sourceTree = "<group>"; };
		D41C506A265B7B390055431C /* ModelData.swift */ = {isa = PBXFileReference; lastKnownFileType = sourcecode.swift; path = ModelData.swift; sourceTree = "<group>"; };
		D41C506D265B7BD50055431C /* LecturesList.swift */ = {isa = PBXFileReference; lastKnownFileType = sourcecode.swift; path = LecturesList.swift; sourceTree = "<group>"; };
		D41C506F265B7C600055431C /* LectureRow1.swift */ = {isa = PBXFileReference; lastKnownFileType = sourcecode.swift; path = LectureRow1.swift; sourceTree = "<group>"; };
		D41C5071265B7FB70055431C /* Lecture.swift */ = {isa = PBXFileReference; lastKnownFileType = sourcecode.swift; path = Lecture.swift; sourceTree = "<group>"; };
		D41C5073265B98F70055431C /* LectureDetail.swift */ = {isa = PBXFileReference; lastKnownFileType = sourcecode.swift; path = LectureDetail.swift; sourceTree = "<group>"; };
		D41C5075265B9BD80055431C /* LectureRow2.swift */ = {isa = PBXFileReference; lastKnownFileType = sourcecode.swift; path = LectureRow2.swift; sourceTree = "<group>"; };
		D41C5077265B9C710055431C /* LectureRow3.swift */ = {isa = PBXFileReference; lastKnownFileType = sourcecode.swift; path = LectureRow3.swift; sourceTree = "<group>"; };
		D41C5079265BA0730055431C /* ContentView2.swift */ = {isa = PBXFileReference; lastKnownFileType = sourcecode.swift; path = ContentView2.swift; sourceTree = "<group>"; };
		D41C507B265BA0910055431C /* ContentView3.swift */ = {isa = PBXFileReference; lastKnownFileType = sourcecode.swift; path = ContentView3.swift; sourceTree = "<group>"; };
		D4B0A346265A0D6900A2A070 /* TitechApp.app */ = {isa = PBXFileReference; explicitFileType = wrapper.application; includeInIndex = 0; path = TitechApp.app; sourceTree = BUILT_PRODUCTS_DIR; };
		D4B0A349265A0D6900A2A070 /* TitechAppApp.swift */ = {isa = PBXFileReference; lastKnownFileType = sourcecode.swift; path = TitechAppApp.swift; sourceTree = "<group>"; };
		D4B0A34B265A0D6900A2A070 /* ContentView1.swift */ = {isa = PBXFileReference; lastKnownFileType = sourcecode.swift; path = ContentView1.swift; sourceTree = "<group>"; };
		D4B0A34D265A0D6B00A2A070 /* Assets.xcassets */ = {isa = PBXFileReference; lastKnownFileType = folder.assetcatalog; path = Assets.xcassets; sourceTree = "<group>"; };
		D4B0A350265A0D6B00A2A070 /* Preview Assets.xcassets */ = {isa = PBXFileReference; lastKnownFileType = folder.assetcatalog; path = "Preview Assets.xcassets"; sourceTree = "<group>"; };
		D4B0A352265A0D6B00A2A070 /* Info.plist */ = {isa = PBXFileReference; lastKnownFileType = text.plist.xml; path = Info.plist; sourceTree = "<group>"; };
/* End PBXFileReference section */

/* Begin PBXFrameworksBuildPhase section */
		D4B0A343265A0D6900A2A070 /* Frameworks */ = {
			isa = PBXFrameworksBuildPhase;
			buildActionMask = 2147483647;
			files = (
			);
			runOnlyForDeploymentPostprocessing = 0;
		};
/* End PBXFrameworksBuildPhase section */

/* Begin PBXGroup section */
		D41C5066265B7A540055431C /* Resources */ = {
			isa = PBXGroup;
			children = (
				D41C5067265B7AD40055431C /* lecturesData.json */,
			);
			path = Resources;
			sourceTree = "<group>";
		};
		D41C5069265B7B180055431C /* Model */ = {
			isa = PBXGroup;
			children = (
				D41C506A265B7B390055431C /* ModelData.swift */,
				D41C5071265B7FB70055431C /* Lecture.swift */,
			);
			path = Model;
			sourceTree = "<group>";
		};
		D41C506C265B7BAB0055431C /* View */ = {
			isa = PBXGroup;
			children = (
				D41C506D265B7BD50055431C /* LecturesList.swift */,
				D41C506F265B7C600055431C /* LectureRow1.swift */,
				D41C5077265B9C710055431C /* LectureRow3.swift */,
				D41C5075265B9BD80055431C /* LectureRow2.swift */,
				D41C5073265B98F70055431C /* LectureDetail.swift */,
			);
			path = View;
			sourceTree = "<group>";
		};
		D4B0A33D265A0D6900A2A070 = {
			isa = PBXGroup;
			children = (
				D4B0A348265A0D6900A2A070 /* TitechApp */,
				D4B0A347265A0D6900A2A070 /* Products */,
			);
			sourceTree = "<group>";
		};
		D4B0A347265A0D6900A2A070 /* Products */ = {
			isa = PBXGroup;
			children = (
				D4B0A346265A0D6900A2A070 /* TitechApp.app */,
			);
			name = Products;
			sourceTree = "<group>";
		};
		D4B0A348265A0D6900A2A070 /* TitechApp */ = {
			isa = PBXGroup;
			children = (
				D41C506C265B7BAB0055431C /* View */,
				D41C5069265B7B180055431C /* Model */,
				D41C5066265B7A540055431C /* Resources */,
				D4B0A349265A0D6900A2A070 /* TitechAppApp.swift */,
				D4B0A34B265A0D6900A2A070 /* ContentView1.swift */,
				D41C5079265BA0730055431C /* ContentView2.swift */,
				D41C507B265BA0910055431C /* ContentView3.swift */,
				D4B0A34D265A0D6B00A2A070 /* Assets.xcassets */,
				D4B0A352265A0D6B00A2A070 /* Info.plist */,
				D4B0A34F265A0D6B00A2A070 /* Preview Content */,
			);
			path = TitechApp;
			sourceTree = "<group>";
		};
		D4B0A34F265A0D6B00A2A070 /* Preview Content */ = {
			isa = PBXGroup;
			children = (
				D4B0A350265A0D6B00A2A070 /* Preview Assets.xcassets */,
			);
			path = "Preview Content";
			sourceTree = "<group>";
		};
/* End PBXGroup section */

/* Begin PBXNativeTarget section */
		D4B0A345265A0D6900A2A070 /* TitechApp */ = {
			isa = PBXNativeTarget;
			buildConfigurationList = D4B0A355265A0D6B00A2A070 /* Build configuration list for PBXNativeTarget "TitechApp" */;
			buildPhases = (
				D4B0A342265A0D6900A2A070 /* Sources */,
				D4B0A343265A0D6900A2A070 /* Frameworks */,
				D4B0A344265A0D6900A2A070 /* Resources */,
			);
			buildRules = (
			);
			dependencies = (
			);
			name = TitechApp;
			productName = TitechApp;
			productReference = D4B0A346265A0D6900A2A070 /* TitechApp.app */;
			productType = "com.apple.product-type.application";
		};
/* End PBXNativeTarget section */

/* Begin PBXProject section */
		D4B0A33E265A0D6900A2A070 /* Project object */ = {
			isa = PBXProject;
			attributes = {
				LastSwiftUpdateCheck = 1250;
				LastUpgradeCheck = 1250;
				TargetAttributes = {
					D4B0A345265A0D6900A2A070 = {
						CreatedOnToolsVersion = 12.5;
					};
				};
			};
			buildConfigurationList = D4B0A341265A0D6900A2A070 /* Build configuration list for PBXProject "TitechApp" */;
			compatibilityVersion = "Xcode 9.3";
			developmentRegion = en;
			hasScannedForEncodings = 0;
			knownRegions = (
				en,
				Base,
			);
			mainGroup = D4B0A33D265A0D6900A2A070;
			productRefGroup = D4B0A347265A0D6900A2A070 /* Products */;
			projectDirPath = "";
			projectRoot = "";
			targets = (
				D4B0A345265A0D6900A2A070 /* TitechApp */,
			);
		};
/* End PBXProject section */

/* Begin PBXResourcesBuildPhase section */
		D4B0A344265A0D6900A2A070 /* Resources */ = {
			isa = PBXResourcesBuildPhase;
			buildActionMask = 2147483647;
			files = (
				D4B0A351265A0D6B00A2A070 /* Preview Assets.xcassets in Resources */,
				D41C5068265B7AD40055431C /* lecturesData.json in Resources */,
				D4B0A34E265A0D6B00A2A070 /* Assets.xcassets in Resources */,
			);
			runOnlyForDeploymentPostprocessing = 0;
		};
/* End PBXResourcesBuildPhase section */

/* Begin PBXSourcesBuildPhase section */
		D4B0A342265A0D6900A2A070 /* Sources */ = {
			isa = PBXSourcesBuildPhase;
			buildActionMask = 2147483647;
			files = (
				D41C5072265B7FB70055431C /* Lecture.swift in Sources */,
				D41C507C265BA0910055431C /* ContentView3.swift in Sources */,
				D41C5074265B98F70055431C /* LectureDetail.swift in Sources */,
				D41C5076265B9BD80055431C /* LectureRow2.swift in Sources */,
				D41C507A265BA0730055431C /* ContentView2.swift in Sources */,
				D41C506E265B7BD50055431C /* LecturesList.swift in Sources */,
				D4B0A34C265A0D6900A2A070 /* ContentView1.swift in Sources */,
				D41C5070265B7C600055431C /* LectureRow1.swift in Sources */,
				D4B0A34A265A0D6900A2A070 /* TitechAppApp.swift in Sources */,
				D41C5078265B9C710055431C /* LectureRow3.swift in Sources */,
				D41C506B265B7B390055431C /* ModelData.swift in Sources */,
			);
			runOnlyForDeploymentPostprocessing = 0;
		};
/* End PBXSourcesBuildPhase section */

/* Begin XCBuildConfiguration section */
		D4B0A353265A0D6B00A2A070 /* Debug */ = {
			isa = XCBuildConfiguration;
			buildSettings = {
				ALWAYS_SEARCH_USER_PATHS = NO;
				CLANG_ANALYZER_NONNULL = YES;
				CLANG_ANALYZER_NUMBER_OBJECT_CONVERSION = YES_AGGRESSIVE;
				CLANG_CXX_LANGUAGE_STANDARD = "gnu++14";
				CLANG_CXX_LIBRARY = "libc++";
				CLANG_ENABLE_MODULES = YES;
				CLANG_ENABLE_OBJC_ARC = YES;
				CLANG_ENABLE_OBJC_WEAK = YES;
				CLANG_WARN_BLOCK_CAPTURE_AUTORELEASING = YES;
				CLANG_WARN_BOOL_CONVERSION = YES;
				CLANG_WARN_COMMA = YES;
				CLANG_WARN_CONSTANT_CONVERSION = YES;
				CLANG_WARN_DEPRECATED_OBJC_IMPLEMENTATIONS = YES;
				CLANG_WARN_DIRECT_OBJC_ISA_USAGE = YES_ERROR;
				CLANG_WARN_DOCUMENTATION_COMMENTS = YES;
				CLANG_WARN_EMPTY_BODY = YES;
				CLANG_WARN_ENUM_CONVERSION = YES;
				CLANG_WARN_INFINITE_RECURSION = YES;
				CLANG_WARN_INT_CONVERSION = YES;
				CLANG_WARN_NON_LITERAL_NULL_CONVERSION = YES;
				CLANG_WARN_OBJC_IMPLICIT_RETAIN_SELF = YES;
				CLANG_WARN_OBJC_LITERAL_CONVERSION = YES;
				CLANG_WARN_OBJC_ROOT_CLASS = YES_ERROR;
				CLANG_WARN_QUOTED_INCLUDE_IN_FRAMEWORK_HEADER = YES;
				CLANG_WARN_RANGE_LOOP_ANALYSIS = YES;
				CLANG_WARN_STRICT_PROTOTYPES = YES;
				CLANG_WARN_SUSPICIOUS_MOVE = YES;
				CLANG_WARN_UNGUARDED_AVAILABILITY = YES_AGGRESSIVE;
				CLANG_WARN_UNREACHABLE_CODE = YES;
				CLANG_WARN__DUPLICATE_METHOD_MATCH = YES;
				COPY_PHASE_STRIP = NO;
				DEBUG_INFORMATION_FORMAT = dwarf;
				ENABLE_STRICT_OBJC_MSGSEND = YES;
				ENABLE_TESTABILITY = YES;
				GCC_C_LANGUAGE_STANDARD = gnu11;
				GCC_DYNAMIC_NO_PIC = NO;
				GCC_NO_COMMON_BLOCKS = YES;
				GCC_OPTIMIZATION_LEVEL = 0;
				GCC_PREPROCESSOR_DEFINITIONS = (
					"DEBUG=1",
					"$(inherited)",
				);
				GCC_WARN_64_TO_32_BIT_CONVERSION = YES;
				GCC_WARN_ABOUT_RETURN_TYPE = YES_ERROR;
				GCC_WARN_UNDECLARED_SELECTOR = YES;
				GCC_WARN_UNINITIALIZED_AUTOS = YES_AGGRESSIVE;
				GCC_WARN_UNUSED_FUNCTION = YES;
				GCC_WARN_UNUSED_VARIABLE = YES;
				IPHONEOS_DEPLOYMENT_TARGET = 14.5;
				MTL_ENABLE_DEBUG_INFO = INCLUDE_SOURCE;
				MTL_FAST_MATH = YES;
				ONLY_ACTIVE_ARCH = YES;
				SDKROOT = iphoneos;
				SWIFT_ACTIVE_COMPILATION_CONDITIONS = DEBUG;
				SWIFT_OPTIMIZATION_LEVEL = "-Onone";
			};
			name = Debug;
		};
		D4B0A354265A0D6B00A2A070 /* Release */ = {
			isa = XCBuildConfiguration;
			buildSettings = {
				ALWAYS_SEARCH_USER_PATHS = NO;
				CLANG_ANALYZER_NONNULL = YES;
				CLANG_ANALYZER_NUMBER_OBJECT_CONVERSION = YES_AGGRESSIVE;
				CLANG_CXX_LANGUAGE_STANDARD = "gnu++14";
				CLANG_CXX_LIBRARY = "libc++";
				CLANG_ENABLE_MODULES = YES;
				CLANG_ENABLE_OBJC_ARC = YES;
				CLANG_ENABLE_OBJC_WEAK = YES;
				CLANG_WARN_BLOCK_CAPTURE_AUTORELEASING = YES;
				CLANG_WARN_BOOL_CONVERSION = YES;
				CLANG_WARN_COMMA = YES;
				CLANG_WARN_CONSTANT_CONVERSION = YES;
				CLANG_WARN_DEPRECATED_OBJC_IMPLEMENTATIONS = YES;
				CLANG_WARN_DIRECT_OBJC_ISA_USAGE = YES_ERROR;
				CLANG_WARN_DOCUMENTATION_COMMENTS = YES;
				CLANG_WARN_EMPTY_BODY = YES;
				CLANG_WARN_ENUM_CONVERSION = YES;
				CLANG_WARN_INFINITE_RECURSION = YES;
				CLANG_WARN_INT_CONVERSION = YES;
				CLANG_WARN_NON_LITERAL_NULL_CONVERSION = YES;
				CLANG_WARN_OBJC_IMPLICIT_RETAIN_SELF = YES;
				CLANG_WARN_OBJC_LITERAL_CONVERSION = YES;
				CLANG_WARN_OBJC_ROOT_CLASS = YES_ERROR;
				CLANG_WARN_QUOTED_INCLUDE_IN_FRAMEWORK_HEADER = YES;
				CLANG_WARN_RANGE_LOOP_ANALYSIS = YES;
				CLANG_WARN_STRICT_PROTOTYPES = YES;
				CLANG_WARN_SUSPICIOUS_MOVE = YES;
				CLANG_WARN_UNGUARDED_AVAILABILITY = YES_AGGRESSIVE;
				CLANG_WARN_UNREACHABLE_CODE = YES;
				CLANG_WARN__DUPLICATE_METHOD_MATCH = YES;
				COPY_PHASE_STRIP = NO;
				DEBUG_INFORMATION_FORMAT = "dwarf-with-dsym";
				ENABLE_NS_ASSERTIONS = NO;
				ENABLE_STRICT_OBJC_MSGSEND = YES;
				GCC_C_LANGUAGE_STANDARD = gnu11;
				GCC_NO_COMMON_BLOCKS = YES;
				GCC_WARN_64_TO_32_BIT_CONVERSION = YES;
				GCC_WARN_ABOUT_RETURN_TYPE = YES_ERROR;
				GCC_WARN_UNDECLARED_SELECTOR = YES;
				GCC_WARN_UNINITIALIZED_AUTOS = YES_AGGRESSIVE;
				GCC_WARN_UNUSED_FUNCTION = YES;
				GCC_WARN_UNUSED_VARIABLE = YES;
				IPHONEOS_DEPLOYMENT_TARGET = 14.5;
				MTL_ENABLE_DEBUG_INFO = NO;
				MTL_FAST_MATH = YES;
				SDKROOT = iphoneos;
				SWIFT_COMPILATION_MODE = wholemodule;
				SWIFT_OPTIMIZATION_LEVEL = "-O";
				VALIDATE_PRODUCT = YES;
			};
			name = Release;
		};
		D4B0A356265A0D6B00A2A070 /* Debug */ = {
			isa = XCBuildConfiguration;
			buildSettings = {
				ASSETCATALOG_COMPILER_APPICON_NAME = AppIcon;
				ASSETCATALOG_COMPILER_GLOBAL_ACCENT_COLOR_NAME = AccentColor;
				CODE_SIGN_STYLE = Automatic;
				DEVELOPMENT_ASSET_PATHS = "\"TitechApp/Preview Content\"";
				ENABLE_PREVIEWS = YES;
				INFOPLIST_FILE = TitechApp/Info.plist;
				IPHONEOS_DEPLOYMENT_TARGET = 14.0;
				LD_RUNPATH_SEARCH_PATHS = (
					"$(inherited)",
					"@executable_path/Frameworks",
				);
				PRODUCT_BUNDLE_IDENTIFIER = com.okoge.TitechApp;
				PRODUCT_NAME = "$(TARGET_NAME)";
				SWIFT_VERSION = 5.0;
				TARGETED_DEVICE_FAMILY = "1,2";
			};
			name = Debug;
		};
		D4B0A357265A0D6B00A2A070 /* Release */ = {
			isa = XCBuildConfiguration;
			buildSettings = {
				ASSETCATALOG_COMPILER_APPICON_NAME = AppIcon;
				ASSETCATALOG_COMPILER_GLOBAL_ACCENT_COLOR_NAME = AccentColor;
				CODE_SIGN_STYLE = Automatic;
				DEVELOPMENT_ASSET_PATHS = "\"TitechApp/Preview Content\"";
				ENABLE_PREVIEWS = YES;
				INFOPLIST_FILE = TitechApp/Info.plist;
				IPHONEOS_DEPLOYMENT_TARGET = 14.0;
				LD_RUNPATH_SEARCH_PATHS = (
					"$(inherited)",
					"@executable_path/Frameworks",
				);
				PRODUCT_BUNDLE_IDENTIFIER = com.okoge.TitechApp;
				PRODUCT_NAME = "$(TARGET_NAME)";
				SWIFT_VERSION = 5.0;
				TARGETED_DEVICE_FAMILY = "1,2";
			};
			name = Release;
		};
/* End XCBuildConfiguration section */

/* Begin XCConfigurationList section */
		D4B0A341265A0D6900A2A070 /* Build configuration list for PBXProject "TitechApp" */ = {
			isa = XCConfigurationList;
			buildConfigurations = (
				D4B0A353265A0D6B00A2A070 /* Debug */,
				D4B0A354265A0D6B00A2A070 /* Release */,
			);
			defaultConfigurationIsVisible = 0;
			defaultConfigurationName = Release;
		};
		D4B0A355265A0D6B00A2A070 /* Build configuration list for PBXNativeTarget "TitechApp" */ = {
			isa = XCConfigurationList;
			buildConfigurations = (
				D4B0A356265A0D6B00A2A070 /* Debug */,
				D4B0A357265A0D6B00A2A070 /* Release */,
			);
			defaultConfigurationIsVisible = 0;
			defaultConfigurationName = Release;
		};
/* End XCConfigurationList section */
	};
	rootObject = D4B0A33E265A0D6900A2A070 /* Project object */;
}
